<?xml version="1.0" encoding="utf-8"?>
<Project ToolsVersion="4.0" xmlns="http://schemas.microsoft.com/developer/msbuild/2003">
  <ItemGroup>
    <ClCompile Include="graphics_sdl.c" />
    <ClCompile Include="renderer.c" />
    <ClCompile Include="resource.c" />
    <ClCompile Include="camera.c" />
    <ClCompile Include="client.c" />
    <ClCompile Include="graphics.c" />
    <ClCompile Include="..\third_party\volk.c" />
  </ItemGroup>
  <ItemGroup>
    <ClInclude Include="renderer.h" />
    <ClInclude Include="graphics.h" />
    <ClInclude Include="resource.h" />
    <ClInclude Include="camera.h" />
    <ClInclude Include="client.h" />
    <ClInclude Include="..\third_party\volk.h" />
  </ItemGroup>
</Project>